// !$*UTF8*$!
{
	archiveVersion = 1;
	classes = {
	};
	objectVersion = 50;
	objects = {

/* Begin PBXBuildFile section */
		D27BA2002275AD8A00D6CCC5 /* AppDelegate.swift in Sources */ = {isa = PBXBuildFile; fileRef = D27BA1FF2275AD8A00D6CCC5 /* AppDelegate.swift */; };
		D27BA2052275AD8A00D6CCC5 /* Main.storyboard in Resources */ = {isa = PBXBuildFile; fileRef = D27BA2032275AD8A00D6CCC5 /* Main.storyboard */; };
		D27BA2072275AD8D00D6CCC5 /* Assets.xcassets in Resources */ = {isa = PBXBuildFile; fileRef = D27BA2062275AD8D00D6CCC5 /* Assets.xcassets */; };
		D27BA20A2275AD8D00D6CCC5 /* LaunchScreen.storyboard in Resources */ = {isa = PBXBuildFile; fileRef = D27BA2082275AD8D00D6CCC5 /* LaunchScreen.storyboard */; };
		D27BA2152275AD8D00D6CCC5 /* ____Core_MLTests.swift in Sources */ = {isa = PBXBuildFile; fileRef = D27BA2142275AD8D00D6CCC5 /* ____Core_MLTests.swift */; };
		D27BA2202275AD8D00D6CCC5 /* ____Core_MLUITests.swift in Sources */ = {isa = PBXBuildFile; fileRef = D27BA21F2275AD8D00D6CCC5 /* ____Core_MLUITests.swift */; };
		D27BA22F2275ADC600D6CCC5 /* CoreML.framework in Frameworks */ = {isa = PBXBuildFile; fileRef = D27BA22E2275ADC600D6CCC5 /* CoreML.framework */; };
		D27EE84D22951BB9005D0919 /* UIImage+CVPixelBuffer.swift in Sources */ = {isa = PBXBuildFile; fileRef = D27EE84622951BB9005D0919 /* UIImage+CVPixelBuffer.swift */; };
		D27EE84F22951BB9005D0919 /* CoreMLManager.swift in Sources */ = {isa = PBXBuildFile; fileRef = D27EE84822951BB9005D0919 /* CoreMLManager.swift */; };
		D27EE85022951BB9005D0919 /* Helpers.swift in Sources */ = {isa = PBXBuildFile; fileRef = D27EE84922951BB9005D0919 /* Helpers.swift */; };
		D27EE85122951BB9005D0919 /* 416.mlmodel in Sources */ = {isa = PBXBuildFile; fileRef = D27EE84A22951BB9005D0919 /* 416.mlmodel */; };
		D27EE85222951BB9005D0919 /* YOLO.swift in Sources */ = {isa = PBXBuildFile; fileRef = D27EE84B22951BB9005D0919 /* YOLO.swift */; };
		D27EE85322951BB9005D0919 /* CVPiexlBuffer+Helpers.swift in Sources */ = {isa = PBXBuildFile; fileRef = D27EE84C22951BB9005D0919 /* CVPiexlBuffer+Helpers.swift */; };
		D27EE85522951DF4005D0919 /* qrcode.wav in Resources */ = {isa = PBXBuildFile; fileRef = D27EE85422951DF4005D0919 /* qrcode.wav */; };
		D27EE8572295217E005D0919 /* ScanViewController.swift in Sources */ = {isa = PBXBuildFile; fileRef = D27EE8562295217E005D0919 /* ScanViewController.swift */; };
/* End PBXBuildFile section */

/* Begin PBXContainerItemProxy section */
		D27BA2112275AD8D00D6CCC5 /* PBXContainerItemProxy */ = {
			isa = PBXContainerItemProxy;
			containerPortal = D27BA1F42275AD8A00D6CCC5 /* Project object */;
			proxyType = 1;
			remoteGlobalIDString = D27BA1FB2275AD8A00D6CCC5;
			remoteInfo = "机器学习Core ML";
		};
		D27BA21C2275AD8D00D6CCC5 /* PBXContainerItemProxy */ = {
			isa = PBXContainerItemProxy;
			containerPortal = D27BA1F42275AD8A00D6CCC5 /* Project object */;
			proxyType = 1;
			remoteGlobalIDString = D27BA1FB2275AD8A00D6CCC5;
			remoteInfo = "机器学习Core ML";
		};
/* End PBXContainerItemProxy section */

/* Begin PBXFileReference section */
		D27BA1FC2275AD8A00D6CCC5 /* 机器学习Core ML.app */ = {isa = PBXFileReference; explicitFileType = wrapper.application; includeInIndex = 0; path = "机器学习Core ML.app"; sourceTree = BUILT_PRODUCTS_DIR; };
		D27BA1FF2275AD8A00D6CCC5 /* AppDelegate.swift */ = {isa = PBXFileReference; lastKnownFileType = sourcecode.swift; path = AppDelegate.swift; sourceTree = "<group>"; };
		D27BA2042275AD8A00D6CCC5 /* Base */ = {isa = PBXFileReference; lastKnownFileType = file.storyboard; name = Base; path = Base.lproj/Main.storyboard; sourceTree = "<group>"; };
		D27BA2062275AD8D00D6CCC5 /* Assets.xcassets */ = {isa = PBXFileReference; lastKnownFileType = folder.assetcatalog; path = Assets.xcassets; sourceTree = "<group>"; };
		D27BA2092275AD8D00D6CCC5 /* Base */ = {isa = PBXFileReference; lastKnownFileType = file.storyboard; name = Base; path = Base.lproj/LaunchScreen.storyboard; sourceTree = "<group>"; };
		D27BA20B2275AD8D00D6CCC5 /* Info.plist */ = {isa = PBXFileReference; lastKnownFileType = text.plist.xml; path = Info.plist; sourceTree = "<group>"; };
		D27BA2102275AD8D00D6CCC5 /* 机器学习Core MLTests.xctest */ = {isa = PBXFileReference; explicitFileType = wrapper.cfbundle; includeInIndex = 0; path = "机器学习Core MLTests.xctest"; sourceTree = BUILT_PRODUCTS_DIR; };
		D27BA2142275AD8D00D6CCC5 /* ____Core_MLTests.swift */ = {isa = PBXFileReference; lastKnownFileType = sourcecode.swift; path = "____Core_MLTests.swift"; sourceTree = "<group>"; };
		D27BA2162275AD8D00D6CCC5 /* Info.plist */ = {isa = PBXFileReference; lastKnownFileType = text.plist.xml; path = Info.plist; sourceTree = "<group>"; };
		D27BA21B2275AD8D00D6CCC5 /* 机器学习Core MLUITests.xctest */ = {isa = PBXFileReference; explicitFileType = wrapper.cfbundle; includeInIndex = 0; path = "机器学习Core MLUITests.xctest"; sourceTree = BUILT_PRODUCTS_DIR; };
		D27BA21F2275AD8D00D6CCC5 /* ____Core_MLUITests.swift */ = {isa = PBXFileReference; lastKnownFileType = sourcecode.swift; path = "____Core_MLUITests.swift"; sourceTree = "<group>"; };
		D27BA2212275AD8D00D6CCC5 /* Info.plist */ = {isa = PBXFileReference; lastKnownFileType = text.plist.xml; path = Info.plist; sourceTree = "<group>"; };
		D27BA22E2275ADC600D6CCC5 /* CoreML.framework */ = {isa = PBXFileReference; lastKnownFileType = wrapper.framework; name = CoreML.framework; path = System/Library/Frameworks/CoreML.framework; sourceTree = SDKROOT; };
		D27EE84622951BB9005D0919 /* UIImage+CVPixelBuffer.swift */ = {isa = PBXFileReference; fileEncoding = 4; lastKnownFileType = sourcecode.swift; path = "UIImage+CVPixelBuffer.swift"; sourceTree = "<group>"; };
		D27EE84822951BB9005D0919 /* CoreMLManager.swift */ = {isa = PBXFileReference; fileEncoding = 4; lastKnownFileType = sourcecode.swift; path = CoreMLManager.swift; sourceTree = "<group>"; };
		D27EE84922951BB9005D0919 /* Helpers.swift */ = {isa = PBXFileReference; fileEncoding = 4; lastKnownFileType = sourcecode.swift; path = Helpers.swift; sourceTree = "<group>"; };
		D27EE84A22951BB9005D0919 /* 416.mlmodel */ = {isa = PBXFileReference; lastKnownFileType = file.mlmodel; path = 416.mlmodel; sourceTree = "<group>"; };
		D27EE84B22951BB9005D0919 /* YOLO.swift */ = {isa = PBXFileReference; fileEncoding = 4; lastKnownFileType = sourcecode.swift; path = YOLO.swift; sourceTree = "<group>"; };
		D27EE84C22951BB9005D0919 /* CVPiexlBuffer+Helpers.swift */ = {isa = PBXFileReference; fileEncoding = 4; lastKnownFileType = sourcecode.swift; path = "CVPiexlBuffer+Helpers.swift"; sourceTree = "<group>"; };
		D27EE85422951DF4005D0919 /* qrcode.wav */ = {isa = PBXFileReference; lastKnownFileType = audio.wav; path = qrcode.wav; sourceTree = "<group>"; };
		D27EE8562295217E005D0919 /* ScanViewController.swift */ = {isa = PBXFileReference; lastKnownFileType = sourcecode.swift; path = ScanViewController.swift; sourceTree = "<group>"; };
/* End PBXFileReference section */

/* Begin PBXFrameworksBuildPhase section */
		D27BA1F92275AD8A00D6CCC5 /* Frameworks */ = {
			isa = PBXFrameworksBuildPhase;
			buildActionMask = 2147483647;
			files = (
				D27BA22F2275ADC600D6CCC5 /* CoreML.framework in Frameworks */,
			);
			runOnlyForDeploymentPostprocessing = 0;
		};
		D27BA20D2275AD8D00D6CCC5 /* Frameworks */ = {
			isa = PBXFrameworksBuildPhase;
			buildActionMask = 2147483647;
			files = (
			);
			runOnlyForDeploymentPostprocessing = 0;
		};
		D27BA2182275AD8D00D6CCC5 /* Frameworks */ = {
			isa = PBXFrameworksBuildPhase;
			buildActionMask = 2147483647;
			files = (
			);
			runOnlyForDeploymentPostprocessing = 0;
		};
/* End PBXFrameworksBuildPhase section */

/* Begin PBXGroup section */
		D27BA1F32275AD8A00D6CCC5 = {
			isa = PBXGroup;
			children = (
				D27BA1FE2275AD8A00D6CCC5 /* 机器学习Core ML */,
				D27BA2132275AD8D00D6CCC5 /* 机器学习Core MLTests */,
				D27BA21E2275AD8D00D6CCC5 /* 机器学习Core MLUITests */,
				D27BA1FD2275AD8A00D6CCC5 /* Products */,
				D27BA22D2275ADC600D6CCC5 /* Frameworks */,
			);
			sourceTree = "<group>";
		};
		D27BA1FD2275AD8A00D6CCC5 /* Products */ = {
			isa = PBXGroup;
			children = (
				D27BA1FC2275AD8A00D6CCC5 /* 机器学习Core ML.app */,
				D27BA2102275AD8D00D6CCC5 /* 机器学习Core MLTests.xctest */,
				D27BA21B2275AD8D00D6CCC5 /* 机器学习Core MLUITests.xctest */,
			);
			name = Products;
			sourceTree = "<group>";
		};
		D27BA1FE2275AD8A00D6CCC5 /* 机器学习Core ML */ = {
			isa = PBXGroup;
			children = (
				D27BA1FF2275AD8A00D6CCC5 /* AppDelegate.swift */,
				D27EE8562295217E005D0919 /* ScanViewController.swift */,
				D27EE84522951BB9005D0919 /* YOLO */,
				D27BA2032275AD8A00D6CCC5 /* Main.storyboard */,
				D27BA2062275AD8D00D6CCC5 /* Assets.xcassets */,
				D27BA2082275AD8D00D6CCC5 /* LaunchScreen.storyboard */,
				D27BA20B2275AD8D00D6CCC5 /* Info.plist */,
				D27EE85422951DF4005D0919 /* qrcode.wav */,
			);
			path = "机器学习Core ML";
			sourceTree = "<group>";
		};
		D27BA2132275AD8D00D6CCC5 /* 机器学习Core MLTests */ = {
			isa = PBXGroup;
			children = (
				D27BA2142275AD8D00D6CCC5 /* ____Core_MLTests.swift */,
				D27BA2162275AD8D00D6CCC5 /* Info.plist */,
			);
			path = "机器学习Core MLTests";
			sourceTree = "<group>";
		};
		D27BA21E2275AD8D00D6CCC5 /* 机器学习Core MLUITests */ = {
			isa = PBXGroup;
			children = (
				D27BA21F2275AD8D00D6CCC5 /* ____Core_MLUITests.swift */,
				D27BA2212275AD8D00D6CCC5 /* Info.plist */,
			);
			path = "机器学习Core MLUITests";
			sourceTree = "<group>";
		};
		D27BA22D2275ADC600D6CCC5 /* Frameworks */ = {
			isa = PBXGroup;
			children = (
				D27BA22E2275ADC600D6CCC5 /* CoreML.framework */,
			);
			name = Frameworks;
			sourceTree = "<group>";
		};
		D27EE84522951BB9005D0919 /* YOLO */ = {
			isa = PBXGroup;
			children = (
				D27EE84622951BB9005D0919 /* UIImage+CVPixelBuffer.swift */,
				D27EE84822951BB9005D0919 /* CoreMLManager.swift */,
				D27EE84922951BB9005D0919 /* Helpers.swift */,
				D27EE84A22951BB9005D0919 /* 416.mlmodel */,
				D27EE84B22951BB9005D0919 /* YOLO.swift */,
				D27EE84C22951BB9005D0919 /* CVPiexlBuffer+Helpers.swift */,
			);
			path = YOLO;
			sourceTree = "<group>";
		};
/* End PBXGroup section */

/* Begin PBXNativeTarget section */
		D27BA1FB2275AD8A00D6CCC5 /* 机器学习Core ML */ = {
			isa = PBXNativeTarget;
			buildConfigurationList = D27BA2242275AD8D00D6CCC5 /* Build configuration list for PBXNativeTarget "机器学习Core ML" */;
			buildPhases = (
				D27BA1F82275AD8A00D6CCC5 /* Sources */,
				D27BA1F92275AD8A00D6CCC5 /* Frameworks */,
				D27BA1FA2275AD8A00D6CCC5 /* Resources */,
			);
			buildRules = (
			);
			dependencies = (
			);
			name = "机器学习Core ML";
			productName = "机器学习Core ML";
			productReference = D27BA1FC2275AD8A00D6CCC5 /* 机器学习Core ML.app */;
			productType = "com.apple.product-type.application";
		};
		D27BA20F2275AD8D00D6CCC5 /* 机器学习Core MLTests */ = {
			isa = PBXNativeTarget;
			buildConfigurationList = D27BA2272275AD8D00D6CCC5 /* Build configuration list for PBXNativeTarget "机器学习Core MLTests" */;
			buildPhases = (
				D27BA20C2275AD8D00D6CCC5 /* Sources */,
				D27BA20D2275AD8D00D6CCC5 /* Frameworks */,
				D27BA20E2275AD8D00D6CCC5 /* Resources */,
			);
			buildRules = (
			);
			dependencies = (
				D27BA2122275AD8D00D6CCC5 /* PBXTargetDependency */,
			);
			name = "机器学习Core MLTests";
			productName = "机器学习Core MLTests";
			productReference = D27BA2102275AD8D00D6CCC5 /* 机器学习Core MLTests.xctest */;
			productType = "com.apple.product-type.bundle.unit-test";
		};
		D27BA21A2275AD8D00D6CCC5 /* 机器学习Core MLUITests */ = {
			isa = PBXNativeTarget;
			buildConfigurationList = D27BA22A2275AD8D00D6CCC5 /* Build configuration list for PBXNativeTarget "机器学习Core MLUITests" */;
			buildPhases = (
				D27BA2172275AD8D00D6CCC5 /* Sources */,
				D27BA2182275AD8D00D6CCC5 /* Frameworks */,
				D27BA2192275AD8D00D6CCC5 /* Resources */,
			);
			buildRules = (
			);
			dependencies = (
				D27BA21D2275AD8D00D6CCC5 /* PBXTargetDependency */,
			);
			name = "机器学习Core MLUITests";
			productName = "机器学习Core MLUITests";
			productReference = D27BA21B2275AD8D00D6CCC5 /* 机器学习Core MLUITests.xctest */;
			productType = "com.apple.product-type.bundle.ui-testing";
		};
/* End PBXNativeTarget section */

/* Begin PBXProject section */
		D27BA1F42275AD8A00D6CCC5 /* Project object */ = {
			isa = PBXProject;
			attributes = {
				LastSwiftUpdateCheck = 1010;
				LastUpgradeCheck = 1010;
				ORGANIZATIONNAME = haoge;
				TargetAttributes = {
					D27BA1FB2275AD8A00D6CCC5 = {
						CreatedOnToolsVersion = 10.1;
					};
					D27BA20F2275AD8D00D6CCC5 = {
						CreatedOnToolsVersion = 10.1;
						TestTargetID = D27BA1FB2275AD8A00D6CCC5;
					};
					D27BA21A2275AD8D00D6CCC5 = {
						CreatedOnToolsVersion = 10.1;
						TestTargetID = D27BA1FB2275AD8A00D6CCC5;
					};
				};
			};
			buildConfigurationList = D27BA1F72275AD8A00D6CCC5 /* Build configuration list for PBXProject "机器学习Core ML" */;
			compatibilityVersion = "Xcode 9.3";
			developmentRegion = en;
			hasScannedForEncodings = 0;
			knownRegions = (
				en,
				Base,
			);
			mainGroup = D27BA1F32275AD8A00D6CCC5;
			productRefGroup = D27BA1FD2275AD8A00D6CCC5 /* Products */;
			projectDirPath = "";
			projectRoot = "";
			targets = (
				D27BA1FB2275AD8A00D6CCC5 /* 机器学习Core ML */,
				D27BA20F2275AD8D00D6CCC5 /* 机器学习Core MLTests */,
				D27BA21A2275AD8D00D6CCC5 /* 机器学习Core MLUITests */,
			);
		};
/* End PBXProject section */

/* Begin PBXResourcesBuildPhase section */
		D27BA1FA2275AD8A00D6CCC5 /* Resources */ = {
			isa = PBXResourcesBuildPhase;
			buildActionMask = 2147483647;
			files = (
				D27EE85522951DF4005D0919 /* qrcode.wav in Resources */,
				D27BA20A2275AD8D00D6CCC5 /* LaunchScreen.storyboard in Resources */,
				D27BA2072275AD8D00D6CCC5 /* Assets.xcassets in Resources */,
				D27BA2052275AD8A00D6CCC5 /* Main.storyboard in Resources */,
			);
			runOnlyForDeploymentPostprocessing = 0;
		};
		D27BA20E2275AD8D00D6CCC5 /* Resources */ = {
			isa = PBXResourcesBuildPhase;
			buildActionMask = 2147483647;
			files = (
			);
			runOnlyForDeploymentPostprocessing = 0;
		};
		D27BA2192275AD8D00D6CCC5 /* Resources */ = {
			isa = PBXResourcesBuildPhase;
			buildActionMask = 2147483647;
			files = (
			);
			runOnlyForDeploymentPostprocessing = 0;
		};
/* End PBXResourcesBuildPhase section */

/* Begin PBXSourcesBuildPhase section */
		D27BA1F82275AD8A00D6CCC5 /* Sources */ = {
			isa = PBXSourcesBuildPhase;
			buildActionMask = 2147483647;
			files = (
				D27EE85222951BB9005D0919 /* YOLO.swift in Sources */,
				D27EE85122951BB9005D0919 /* 416.mlmodel in Sources */,
				D27EE85022951BB9005D0919 /* Helpers.swift in Sources */,
				D27EE84F22951BB9005D0919 /* CoreMLManager.swift in Sources */,
				D27EE84D22951BB9005D0919 /* UIImage+CVPixelBuffer.swift in Sources */,
				D27BA2002275AD8A00D6CCC5 /* AppDelegate.swift in Sources */,
				D27EE85322951BB9005D0919 /* CVPiexlBuffer+Helpers.swift in Sources */,
				D27EE8572295217E005D0919 /* ScanViewController.swift in Sources */,
			);
			runOnlyForDeploymentPostprocessing = 0;
		};
		D27BA20C2275AD8D00D6CCC5 /* Sources */ = {
			isa = PBXSourcesBuildPhase;
			buildActionMask = 2147483647;
			files = (
				D27BA2152275AD8D00D6CCC5 /* ____Core_MLTests.swift in Sources */,
			);
			runOnlyForDeploymentPostprocessing = 0;
		};
		D27BA2172275AD8D00D6CCC5 /* Sources */ = {
			isa = PBXSourcesBuildPhase;
			buildActionMask = 2147483647;
			files = (
				D27BA2202275AD8D00D6CCC5 /* ____Core_MLUITests.swift in Sources */,
			);
			runOnlyForDeploymentPostprocessing = 0;
		};
/* End PBXSourcesBuildPhase section */

/* Begin PBXTargetDependency section */
		D27BA2122275AD8D00D6CCC5 /* PBXTargetDependency */ = {
			isa = PBXTargetDependency;
			target = D27BA1FB2275AD8A00D6CCC5 /* 机器学习Core ML */;
			targetProxy = D27BA2112275AD8D00D6CCC5 /* PBXContainerItemProxy */;
		};
		D27BA21D2275AD8D00D6CCC5 /* PBXTargetDependency */ = {
			isa = PBXTargetDependency;
			target = D27BA1FB2275AD8A00D6CCC5 /* 机器学习Core ML */;
			targetProxy = D27BA21C2275AD8D00D6CCC5 /* PBXContainerItemProxy */;
		};
/* End PBXTargetDependency section */

/* Begin PBXVariantGroup section */
		D27BA2032275AD8A00D6CCC5 /* Main.storyboard */ = {
			isa = PBXVariantGroup;
			children = (
				D27BA2042275AD8A00D6CCC5 /* Base */,
			);
			name = Main.storyboard;
			sourceTree = "<group>";
		};
		D27BA2082275AD8D00D6CCC5 /* LaunchScreen.storyboard */ = {
			isa = PBXVariantGroup;
			children = (
				D27BA2092275AD8D00D6CCC5 /* Base */,
			);
			name = LaunchScreen.storyboard;
			sourceTree = "<group>";
		};
/* End PBXVariantGroup section */

/* Begin XCBuildConfiguration section */
		D27BA2222275AD8D00D6CCC5 /* Debug */ = {
			isa = XCBuildConfiguration;
			buildSettings = {
				ALWAYS_SEARCH_USER_PATHS = NO;
				CLANG_ANALYZER_NONNULL = YES;
				CLANG_ANALYZER_NUMBER_OBJECT_CONVERSION = YES_AGGRESSIVE;
				CLANG_CXX_LANGUAGE_STANDARD = "gnu++14";
				CLANG_CXX_LIBRARY = "libc++";
				CLANG_ENABLE_MODULES = YES;
				CLANG_ENABLE_OBJC_ARC = YES;
				CLANG_ENABLE_OBJC_WEAK = YES;
				CLANG_WARN_BLOCK_CAPTURE_AUTORELEASING = YES;
				CLANG_WARN_BOOL_CONVERSION = YES;
				CLANG_WARN_COMMA = YES;
				CLANG_WARN_CONSTANT_CONVERSION = YES;
				CLANG_WARN_DEPRECATED_OBJC_IMPLEMENTATIONS = YES;
				CLANG_WARN_DIRECT_OBJC_ISA_USAGE = YES_ERROR;
				CLANG_WARN_DOCUMENTATION_COMMENTS = YES;
				CLANG_WARN_EMPTY_BODY = YES;
				CLANG_WARN_ENUM_CONVERSION = YES;
				CLANG_WARN_INFINITE_RECURSION = YES;
				CLANG_WARN_INT_CONVERSION = YES;
				CLANG_WARN_NON_LITERAL_NULL_CONVERSION = YES;
				CLANG_WARN_OBJC_IMPLICIT_RETAIN_SELF = YES;
				CLANG_WARN_OBJC_LITERAL_CONVERSION = YES;
				CLANG_WARN_OBJC_ROOT_CLASS = YES_ERROR;
				CLANG_WARN_RANGE_LOOP_ANALYSIS = YES;
				CLANG_WARN_STRICT_PROTOTYPES = YES;
				CLANG_WARN_SUSPICIOUS_MOVE = YES;
				CLANG_WARN_UNGUARDED_AVAILABILITY = YES_AGGRESSIVE;
				CLANG_WARN_UNREACHABLE_CODE = YES;
				CLANG_WARN__DUPLICATE_METHOD_MATCH = YES;
				CODE_SIGN_IDENTITY = "iPhone Developer";
				COPY_PHASE_STRIP = NO;
				DEBUG_INFORMATION_FORMAT = dwarf;
				ENABLE_STRICT_OBJC_MSGSEND = YES;
				ENABLE_TESTABILITY = YES;
				GCC_C_LANGUAGE_STANDARD = gnu11;
				GCC_DYNAMIC_NO_PIC = NO;
				GCC_NO_COMMON_BLOCKS = YES;
				GCC_OPTIMIZATION_LEVEL = 0;
				GCC_PREPROCESSOR_DEFINITIONS = (
					"DEBUG=1",
					"$(inherited)",
				);
				GCC_WARN_64_TO_32_BIT_CONVERSION = YES;
				GCC_WARN_ABOUT_RETURN_TYPE = YES_ERROR;
				GCC_WARN_UNDECLARED_SELECTOR = YES;
				GCC_WARN_UNINITIALIZED_AUTOS = YES_AGGRESSIVE;
				GCC_WARN_UNUSED_FUNCTION = YES;
				GCC_WARN_UNUSED_VARIABLE = YES;
				IPHONEOS_DEPLOYMENT_TARGET = 12.1;
				MTL_ENABLE_DEBUG_INFO = INCLUDE_SOURCE;
				MTL_FAST_MATH = YES;
				ONLY_ACTIVE_ARCH = YES;
				SDKROOT = iphoneos;
				SWIFT_ACTIVE_COMPILATION_CONDITIONS = DEBUG;
				SWIFT_OPTIMIZATION_LEVEL = "-Onone";
			};
			name = Debug;
		};
		D27BA2232275AD8D00D6CCC5 /* Release */ = {
			isa = XCBuildConfiguration;
			buildSettings = {
				ALWAYS_SEARCH_USER_PATHS = NO;
				CLANG_ANALYZER_NONNULL = YES;
				CLANG_ANALYZER_NUMBER_OBJECT_CONVERSION = YES_AGGRESSIVE;
				CLANG_CXX_LANGUAGE_STANDARD = "gnu++14";
				CLANG_CXX_LIBRARY = "libc++";
				CLANG_ENABLE_MODULES = YES;
				CLANG_ENABLE_OBJC_ARC = YES;
				CLANG_ENABLE_OBJC_WEAK = YES;
				CLANG_WARN_BLOCK_CAPTURE_AUTORELEASING = YES;
				CLANG_WARN_BOOL_CONVERSION = YES;
				CLANG_WARN_COMMA = YES;
				CLANG_WARN_CONSTANT_CONVERSION = YES;
				CLANG_WARN_DEPRECATED_OBJC_IMPLEMENTATIONS = YES;
				CLANG_WARN_DIRECT_OBJC_ISA_USAGE = YES_ERROR;
				CLANG_WARN_DOCUMENTATION_COMMENTS = YES;
				CLANG_WARN_EMPTY_BODY = YES;
				CLANG_WARN_ENUM_CONVERSION = YES;
				CLANG_WARN_INFINITE_RECURSION = YES;
				CLANG_WARN_INT_CONVERSION = YES;
				CLANG_WARN_NON_LITERAL_NULL_CONVERSION = YES;
				CLANG_WARN_OBJC_IMPLICIT_RETAIN_SELF = YES;
				CLANG_WARN_OBJC_LITERAL_CONVERSION = YES;
				CLANG_WARN_OBJC_ROOT_CLASS = YES_ERROR;
				CLANG_WARN_RANGE_LOOP_ANALYSIS = YES;
				CLANG_WARN_STRICT_PROTOTYPES = YES;
				CLANG_WARN_SUSPICIOUS_MOVE = YES;
				CLANG_WARN_UNGUARDED_AVAILABILITY = YES_AGGRESSIVE;
				CLANG_WARN_UNREACHABLE_CODE = YES;
				CLANG_WARN__DUPLICATE_METHOD_MATCH = YES;
				CODE_SIGN_IDENTITY = "iPhone Developer";
				COPY_PHASE_STRIP = NO;
				DEBUG_INFORMATION_FORMAT = "dwarf-with-dsym";
				ENABLE_NS_ASSERTIONS = NO;
				ENABLE_STRICT_OBJC_MSGSEND = YES;
				GCC_C_LANGUAGE_STANDARD = gnu11;
				GCC_NO_COMMON_BLOCKS = YES;
				GCC_WARN_64_TO_32_BIT_CONVERSION = YES;
				GCC_WARN_ABOUT_RETURN_TYPE = YES_ERROR;
				GCC_WARN_UNDECLARED_SELECTOR = YES;
				GCC_WARN_UNINITIALIZED_AUTOS = YES_AGGRESSIVE;
				GCC_WARN_UNUSED_FUNCTION = YES;
				GCC_WARN_UNUSED_VARIABLE = YES;
				IPHONEOS_DEPLOYMENT_TARGET = 12.1;
				MTL_ENABLE_DEBUG_INFO = NO;
				MTL_FAST_MATH = YES;
				SDKROOT = iphoneos;
				SWIFT_COMPILATION_MODE = wholemodule;
				SWIFT_OPTIMIZATION_LEVEL = "-O";
				VALIDATE_PRODUCT = YES;
			};
			name = Release;
		};
		D27BA2252275AD8D00D6CCC5 /* Debug */ = {
			isa = XCBuildConfiguration;
			buildSettings = {
				ASSETCATALOG_COMPILER_APPICON_NAME = AppIcon;
				CODE_SIGN_STYLE = Automatic;
				DEVELOPMENT_TEAM = 756FYS2Z5Z;
				INFOPLIST_FILE = "机器学习Core ML/Info.plist";
				IPHONEOS_DEPLOYMENT_TARGET = 11.0;
				LD_RUNPATH_SEARCH_PATHS = (
					"$(inherited)",
					"@executable_path/Frameworks",
				);
				PRODUCT_BUNDLE_IDENTIFIER = "net.machinethink.TinyYOLO-CoreML-wh";
				PRODUCT_NAME = "$(TARGET_NAME)";
				SWIFT_VERSION = 4.2;
				TARGETED_DEVICE_FAMILY = "1,2";
			};
			name = Debug;
		};
		D27BA2262275AD8D00D6CCC5 /* Release */ = {
			isa = XCBuildConfiguration;
			buildSettings = {
				ASSETCATALOG_COMPILER_APPICON_NAME = AppIcon;
				CODE_SIGN_STYLE = Automatic;
				DEVELOPMENT_TEAM = 756FYS2Z5Z;
				INFOPLIST_FILE = "机器学习Core ML/Info.plist";
				IPHONEOS_DEPLOYMENT_TARGET = 11.0;
				LD_RUNPATH_SEARCH_PATHS = (
					"$(inherited)",
					"@executable_path/Frameworks",
				);
				PRODUCT_BUNDLE_IDENTIFIER = "net.machinethink.TinyYOLO-CoreML-wh";
				PRODUCT_NAME = "$(TARGET_NAME)";
				SWIFT_VERSION = 4.2;
				TARGETED_DEVICE_FAMILY = "1,2";
			};
			name = Release;
		};
		D27BA2282275AD8D00D6CCC5 /* Debug */ = {
			isa = XCBuildConfiguration;
			buildSettings = {
				ALWAYS_EMBED_SWIFT_STANDARD_LIBRARIES = YES;
				BUNDLE_LOADER = "$(TEST_HOST)";
				CODE_SIGN_STYLE = Automatic;
				INFOPLIST_FILE = "机器学习Core MLTests/Info.plist";
				LD_RUNPATH_SEARCH_PATHS = (
					"$(inherited)",
					"@executable_path/Frameworks",
					"@loader_path/Frameworks",
				);
				PRODUCT_BUNDLE_IDENTIFIER = "haohao.com.----Core-MLTests";
				PRODUCT_NAME = "$(TARGET_NAME)";
				SWIFT_VERSION = 4.2;
				TARGETED_DEVICE_FAMILY = "1,2";
				TEST_HOST = "$(BUILT_PRODUCTS_DIR)/机器学习Core ML.app/机器学习Core ML";
			};
			name = Debug;
		};
		D27BA2292275AD8D00D6CCC5 /* Release */ = {
			isa = XCBuildConfiguration;
			buildSettings = {
				ALWAYS_EMBED_SWIFT_STANDARD_LIBRARIES = YES;
				BUNDLE_LOADER = "$(TEST_HOST)";
				CODE_SIGN_STYLE = Automatic;
				INFOPLIST_FILE = "机器学习Core MLTests/Info.plist";
				LD_RUNPATH_SEARCH_PATHS = (
					"$(inherited)",
					"@executable_path/Frameworks",
					"@loader_path/Frameworks",
				);
				PRODUCT_BUNDLE_IDENTIFIER = "haohao.com.----Core-MLTests";
				PRODUCT_NAME = "$(TARGET_NAME)";
				SWIFT_VERSION = 4.2;
				TARGETED_DEVICE_FAMILY = "1,2";
				TEST_HOST = "$(BUILT_PRODUCTS_DIR)/机器学习Core ML.app/机器学习Core ML";
			};
			name = Release;
		};
		D27BA22B2275AD8D00D6CCC5 /* Debug */ = {
			isa = XCBuildConfiguration;
			buildSettings = {
				ALWAYS_EMBED_SWIFT_STANDARD_LIBRARIES = YES;
				CODE_SIGN_STYLE = Automatic;
				INFOPLIST_FILE = "机器学习Core MLUITests/Info.plist";
				LD_RUNPATH_SEARCH_PATHS = (
					"$(inherited)",
					"@executable_path/Frameworks",
					"@loader_path/Frameworks",
				);
				PRODUCT_BUNDLE_IDENTIFIER = "haohao.com.----Core-MLUITests";
				PRODUCT_NAME = "$(TARGET_NAME)";
				SWIFT_VERSION = 4.2;
				TARGETED_DEVICE_FAMILY = "1,2";
				TEST_TARGET_NAME = "机器学习Core ML";
			};
			name = Debug;
		};
		D27BA22C2275AD8D00D6CCC5 /* Release */ = {
			isa = XCBuildConfiguration;
			buildSettings = {
				ALWAYS_EMBED_SWIFT_STANDARD_LIBRARIES = YES;
				CODE_SIGN_STYLE = Automatic;
				INFOPLIST_FILE = "机器学习Core MLUITests/Info.plist";
				LD_RUNPATH_SEARCH_PATHS = (
					"$(inherited)",
					"@executable_path/Frameworks",
					"@loader_path/Frameworks",
				);
				PRODUCT_BUNDLE_IDENTIFIER = "haohao.com.----Core-MLUITests";
				PRODUCT_NAME = "$(TARGET_NAME)";
				SWIFT_VERSION = 4.2;
				TARGETED_DEVICE_FAMILY = "1,2";
				TEST_TARGET_NAME = "机器学习Core ML";
			};
			name = Release;
		};
/* End XCBuildConfiguration section */

/* Begin XCConfigurationList section */
		D27BA1F72275AD8A00D6CCC5 /* Build configuration list for PBXProject "机器学习Core ML" */ = {
			isa = XCConfigurationList;
			buildConfigurations = (
				D27BA2222275AD8D00D6CCC5 /* Debug */,
				D27BA2232275AD8D00D6CCC5 /* Release */,
			);
			defaultConfigurationIsVisible = 0;
			defaultConfigurationName = Release;
		};
		D27BA2242275AD8D00D6CCC5 /* Build configuration list for PBXNativeTarget "机器学习Core ML" */ = {
			isa = XCConfigurationList;
			buildConfigurations = (
				D27BA2252275AD8D00D6CCC5 /* Debug */,
				D27BA2262275AD8D00D6CCC5 /* Release */,
			);
			defaultConfigurationIsVisible = 0;
			defaultConfigurationName = Release;
		};
		D27BA2272275AD8D00D6CCC5 /* Build configuration list for PBXNativeTarget "机器学习Core MLTests" */ = {
			isa = XCConfigurationList;
			buildConfigurations = (
				D27BA2282275AD8D00D6CCC5 /* Debug */,
				D27BA2292275AD8D00D6CCC5 /* Release */,
			);
			defaultConfigurationIsVisible = 0;
			defaultConfigurationName = Release;
		};
		D27BA22A2275AD8D00D6CCC5 /* Build configuration list for PBXNativeTarget "机器学习Core MLUITests" */ = {
			isa = XCConfigurationList;
			buildConfigurations = (
				D27BA22B2275AD8D00D6CCC5 /* Debug */,
				D27BA22C2275AD8D00D6CCC5 /* Release */,
			);
			defaultConfigurationIsVisible = 0;
			defaultConfigurationName = Release;
		};
/* End XCConfigurationList section */
	};
	rootObject = D27BA1F42275AD8A00D6CCC5 /* Project object */;
}
